// !$*UTF8*$!
{
	archiveVersion = 1;
	classes = {
	};
	objectVersion = 50;
	objects = {

/* Begin PBXBuildFile section */
		7B3D91F721C89B10007894C8 /* Extensions.swift in Sources */ = {isa = PBXBuildFile; fileRef = 7B3D91F621C89B10007894C8 /* Extensions.swift */; };
		7BE2E79521C0B011004A76EE /* AppDelegate.swift in Sources */ = {isa = PBXBuildFile; fileRef = 7BE2E79421C0B011004A76EE /* AppDelegate.swift */; };
		7BE2E79721C0B011004A76EE /* ViewController.swift in Sources */ = {isa = PBXBuildFile; fileRef = 7BE2E79621C0B011004A76EE /* ViewController.swift */; };
		7BE2E79A21C0B011004A76EE /* Main.storyboard in Resources */ = {isa = PBXBuildFile; fileRef = 7BE2E79821C0B011004A76EE /* Main.storyboard */; };
		7BE2E79C21C0B013004A76EE /* Assets.xcassets in Resources */ = {isa = PBXBuildFile; fileRef = 7BE2E79B21C0B013004A76EE /* Assets.xcassets */; };
		7BE2E79F21C0B013004A76EE /* LaunchScreen.storyboard in Resources */ = {isa = PBXBuildFile; fileRef = 7BE2E79D21C0B013004A76EE /* LaunchScreen.storyboard */; };
		7BE2E7A721C0B59B004A76EE /* Constants.swift in Sources */ = {isa = PBXBuildFile; fileRef = 7BE2E7A621C0B59B004A76EE /* Constants.swift */; };
		7BE2E7A921C0FA8D004A76EE /* Utility.swift in Sources */ = {isa = PBXBuildFile; fileRef = 7BE2E7A821C0FA8D004A76EE /* Utility.swift */; };
		7BE2E7AB21C0FC5E004A76EE /* NetworkManager.swift in Sources */ = {isa = PBXBuildFile; fileRef = 7BE2E7AA21C0FC5E004A76EE /* NetworkManager.swift */; };
		7BE2E7AD21C0FDF2004A76EE /* CardView.swift in Sources */ = {isa = PBXBuildFile; fileRef = 7BE2E7AC21C0FDF2004A76EE /* CardView.swift */; };
		B00C42C8EDF506BA461B229D /* Pods_FlipTest.framework in Frameworks */ = {isa = PBXBuildFile; fileRef = 0D7C118D3F3E587CEC72757B /* Pods_FlipTest.framework */; };
/* End PBXBuildFile section */

/* Begin PBXFileReference section */
		0D7C118D3F3E587CEC72757B /* Pods_FlipTest.framework */ = {isa = PBXFileReference; explicitFileType = wrapper.framework; includeInIndex = 0; path = Pods_FlipTest.framework; sourceTree = BUILT_PRODUCTS_DIR; };
		263900791B59CA26982A3DEC /* Pods-FlipTest.debug.xcconfig */ = {isa = PBXFileReference; includeInIndex = 1; lastKnownFileType = text.xcconfig; name = "Pods-FlipTest.debug.xcconfig"; path = "Pods/Target Support Files/Pods-FlipTest/Pods-FlipTest.debug.xcconfig"; sourceTree = "<group>"; };
		4EA41B6E7CDE7355EBB5FCA2 /* Pods-FlipTest.release.xcconfig */ = {isa = PBXFileReference; includeInIndex = 1; lastKnownFileType = text.xcconfig; name = "Pods-FlipTest.release.xcconfig"; path = "Pods/Target Support Files/Pods-FlipTest/Pods-FlipTest.release.xcconfig"; sourceTree = "<group>"; };
		7B3D91F621C89B10007894C8 /* Extensions.swift */ = {isa = PBXFileReference; lastKnownFileType = sourcecode.swift; path = Extensions.swift; sourceTree = "<group>"; };
		7BE2E79121C0B011004A76EE /* FlipTest.app */ = {isa = PBXFileReference; explicitFileType = wrapper.application; includeInIndex = 0; path = FlipTest.app; sourceTree = BUILT_PRODUCTS_DIR; };
		7BE2E79421C0B011004A76EE /* AppDelegate.swift */ = {isa = PBXFileReference; lastKnownFileType = sourcecode.swift; path = AppDelegate.swift; sourceTree = "<group>"; };
		7BE2E79621C0B011004A76EE /* ViewController.swift */ = {isa = PBXFileReference; lastKnownFileType = sourcecode.swift; path = ViewController.swift; sourceTree = "<group>"; };
		7BE2E79921C0B011004A76EE /* Base */ = {isa = PBXFileReference; lastKnownFileType = file.storyboard; name = Base; path = Base.lproj/Main.storyboard; sourceTree = "<group>"; };
		7BE2E79B21C0B013004A76EE /* Assets.xcassets */ = {isa = PBXFileReference; lastKnownFileType = folder.assetcatalog; path = Assets.xcassets; sourceTree = "<group>"; };
		7BE2E79E21C0B013004A76EE /* Base */ = {isa = PBXFileReference; lastKnownFileType = file.storyboard; name = Base; path = Base.lproj/LaunchScreen.storyboard; sourceTree = "<group>"; };
		7BE2E7A021C0B013004A76EE /* Info.plist */ = {isa = PBXFileReference; lastKnownFileType = text.plist.xml; path = Info.plist; sourceTree = "<group>"; };
		7BE2E7A621C0B59B004A76EE /* Constants.swift */ = {isa = PBXFileReference; lastKnownFileType = sourcecode.swift; path = Constants.swift; sourceTree = "<group>"; };
		7BE2E7A821C0FA8D004A76EE /* Utility.swift */ = {isa = PBXFileReference; lastKnownFileType = sourcecode.swift; path = Utility.swift; sourceTree = "<group>"; };
		7BE2E7AA21C0FC5E004A76EE /* NetworkManager.swift */ = {isa = PBXFileReference; lastKnownFileType = sourcecode.swift; path = NetworkManager.swift; sourceTree = "<group>"; };
		7BE2E7AC21C0FDF2004A76EE /* CardView.swift */ = {isa = PBXFileReference; lastKnownFileType = sourcecode.swift; path = CardView.swift; sourceTree = "<group>"; };
/* End PBXFileReference section */

/* Begin PBXFrameworksBuildPhase section */
		7BE2E78E21C0B011004A76EE /* Frameworks */ = {
			isa = PBXFrameworksBuildPhase;
			buildActionMask = 2147483647;
			files = (
				B00C42C8EDF506BA461B229D /* Pods_FlipTest.framework in Frameworks */,
			);
			runOnlyForDeploymentPostprocessing = 0;
		};
/* End PBXFrameworksBuildPhase section */

/* Begin PBXGroup section */
		00BA09F68E997FF1C8AFC21F /* Pods */ = {
			isa = PBXGroup;
			children = (
				263900791B59CA26982A3DEC /* Pods-FlipTest.debug.xcconfig */,
				4EA41B6E7CDE7355EBB5FCA2 /* Pods-FlipTest.release.xcconfig */,
			);
			name = Pods;
			sourceTree = "<group>";
		};
		7BE2E78821C0B011004A76EE = {
			isa = PBXGroup;
			children = (
				7BE2E79321C0B011004A76EE /* FlipTest */,
				7BE2E79221C0B011004A76EE /* Products */,
				00BA09F68E997FF1C8AFC21F /* Pods */,
				9F917C76A170747F412094C9 /* Frameworks */,
			);
			sourceTree = "<group>";
		};
		7BE2E79221C0B011004A76EE /* Products */ = {
			isa = PBXGroup;
			children = (
				7BE2E79121C0B011004A76EE /* FlipTest.app */,
			);
			name = Products;
			sourceTree = "<group>";
		};
		7BE2E79321C0B011004A76EE /* FlipTest */ = {
			isa = PBXGroup;
			children = (
				7BE2E79421C0B011004A76EE /* AppDelegate.swift */,
				7BE2E79621C0B011004A76EE /* ViewController.swift */,
				7BE2E7AC21C0FDF2004A76EE /* CardView.swift */,
				7BE2E79821C0B011004A76EE /* Main.storyboard */,
				7BE2E79B21C0B013004A76EE /* Assets.xcassets */,
				7BE2E79D21C0B013004A76EE /* LaunchScreen.storyboard */,
				7BE2E7A021C0B013004A76EE /* Info.plist */,
				7BE2E7A621C0B59B004A76EE /* Constants.swift */,
				7BE2E7A821C0FA8D004A76EE /* Utility.swift */,
				7BE2E7AA21C0FC5E004A76EE /* NetworkManager.swift */,
				7B3D91F621C89B10007894C8 /* Extensions.swift */,
			);
			path = FlipTest;
			sourceTree = "<group>";
		};
		9F917C76A170747F412094C9 /* Frameworks */ = {
			isa = PBXGroup;
			children = (
				0D7C118D3F3E587CEC72757B /* Pods_FlipTest.framework */,
			);
			name = Frameworks;
			sourceTree = "<group>";
		};
/* End PBXGroup section */

/* Begin PBXNativeTarget section */
		7BE2E79021C0B011004A76EE /* FlipTest */ = {
			isa = PBXNativeTarget;
			buildConfigurationList = 7BE2E7A321C0B013004A76EE /* Build configuration list for PBXNativeTarget "FlipTest" */;
			buildPhases = (
				B2C643D0BF60EED32DF89734 /* [CP] Check Pods Manifest.lock */,
				7BE2E78D21C0B011004A76EE /* Sources */,
				7BE2E78E21C0B011004A76EE /* Frameworks */,
				7BE2E78F21C0B011004A76EE /* Resources */,
				5805FD5CB03BEB844F3AF6BD /* [CP] Embed Pods Frameworks */,
			);
			buildRules = (
			);
			dependencies = (
			);
			name = FlipTest;
			productName = FlipTest;
			productReference = 7BE2E79121C0B011004A76EE /* FlipTest.app */;
			productType = "com.apple.product-type.application";
		};
/* End PBXNativeTarget section */

/* Begin PBXProject section */
		7BE2E78921C0B011004A76EE /* Project object */ = {
			isa = PBXProject;
			attributes = {
				LastSwiftUpdateCheck = 1000;
				LastUpgradeCheck = 1000;
				ORGANIZATIONNAME = asd;
				TargetAttributes = {
					7BE2E79021C0B011004A76EE = {
						CreatedOnToolsVersion = 10.0;
					};
				};
			};
			buildConfigurationList = 7BE2E78C21C0B011004A76EE /* Build configuration list for PBXProject "FlipTest" */;
			compatibilityVersion = "Xcode 9.3";
			developmentRegion = en;
			hasScannedForEncodings = 0;
			knownRegions = (
				en,
				Base,
			);
			mainGroup = 7BE2E78821C0B011004A76EE;
			productRefGroup = 7BE2E79221C0B011004A76EE /* Products */;
			projectDirPath = "";
			projectRoot = "";
			targets = (
				7BE2E79021C0B011004A76EE /* FlipTest */,
			);
		};
/* End PBXProject section */

/* Begin PBXResourcesBuildPhase section */
		7BE2E78F21C0B011004A76EE /* Resources */ = {
			isa = PBXResourcesBuildPhase;
			buildActionMask = 2147483647;
			files = (
				7BE2E79F21C0B013004A76EE /* LaunchScreen.storyboard in Resources */,
				7BE2E79C21C0B013004A76EE /* Assets.xcassets in Resources */,
				7BE2E79A21C0B011004A76EE /* Main.storyboard in Resources */,
			);
			runOnlyForDeploymentPostprocessing = 0;
		};
/* End PBXResourcesBuildPhase section */

/* Begin PBXShellScriptBuildPhase section */
		5805FD5CB03BEB844F3AF6BD /* [CP] Embed Pods Frameworks */ = {
			isa = PBXShellScriptBuildPhase;
			buildActionMask = 2147483647;
			files = (
			);
			inputPaths = (
				"${SRCROOT}/Pods/Target Support Files/Pods-FlipTest/Pods-FlipTest-frameworks.sh",
				"${BUILT_PRODUCTS_DIR}/FGRoute/FGRoute.framework",
			);
			name = "[CP] Embed Pods Frameworks";
			outputPaths = (
				"${TARGET_BUILD_DIR}/${FRAMEWORKS_FOLDER_PATH}/FGRoute.framework",
			);
			runOnlyForDeploymentPostprocessing = 0;
			shellPath = /bin/sh;
			shellScript = "\"${SRCROOT}/Pods/Target Support Files/Pods-FlipTest/Pods-FlipTest-frameworks.sh\"\n";
			showEnvVarsInLog = 0;
		};
		B2C643D0BF60EED32DF89734 /* [CP] Check Pods Manifest.lock */ = {
			isa = PBXShellScriptBuildPhase;
			buildActionMask = 2147483647;
			files = (
			);
			inputPaths = (
				"${PODS_PODFILE_DIR_PATH}/Podfile.lock",
				"${PODS_ROOT}/Manifest.lock",
			);
			name = "[CP] Check Pods Manifest.lock";
			outputPaths = (
				"$(DERIVED_FILE_DIR)/Pods-FlipTest-checkManifestLockResult.txt",
			);
			runOnlyForDeploymentPostprocessing = 0;
			shellPath = /bin/sh;
			shellScript = "diff \"${PODS_PODFILE_DIR_PATH}/Podfile.lock\" \"${PODS_ROOT}/Manifest.lock\" > /dev/null\nif [ $? != 0 ] ; then\n    # print error to STDERR\n    echo \"error: The sandbox is not in sync with the Podfile.lock. Run 'pod install' or update your CocoaPods installation.\" >&2\n    exit 1\nfi\n# This output is used by Xcode 'outputs' to avoid re-running this script phase.\necho \"SUCCESS\" > \"${SCRIPT_OUTPUT_FILE_0}\"\n";
			showEnvVarsInLog = 0;
		};
/* End PBXShellScriptBuildPhase section */

/* Begin PBXSourcesBuildPhase section */
		7BE2E78D21C0B011004A76EE /* Sources */ = {
			isa = PBXSourcesBuildPhase;
			buildActionMask = 2147483647;
			files = (
				7BE2E7AB21C0FC5E004A76EE /* NetworkManager.swift in Sources */,
				7BE2E7A921C0FA8D004A76EE /* Utility.swift in Sources */,
				7BE2E79721C0B011004A76EE /* ViewController.swift in Sources */,
				7BE2E79521C0B011004A76EE /* AppDelegate.swift in Sources */,
				7BE2E7AD21C0FDF2004A76EE /* CardView.swift in Sources */,
				7BE2E7A721C0B59B004A76EE /* Constants.swift in Sources */,
				7B3D91F721C89B10007894C8 /* Extensions.swift in Sources */,
			);
			runOnlyForDeploymentPostprocessing = 0;
		};
/* End PBXSourcesBuildPhase section */

/* Begin PBXVariantGroup section */
		7BE2E79821C0B011004A76EE /* Main.storyboard */ = {
			isa = PBXVariantGroup;
			children = (
				7BE2E79921C0B011004A76EE /* Base */,
			);
			name = Main.storyboard;
			sourceTree = "<group>";
		};
		7BE2E79D21C0B013004A76EE /* LaunchScreen.storyboard */ = {
			isa = PBXVariantGroup;
			children = (
				7BE2E79E21C0B013004A76EE /* Base */,
			);
			name = LaunchScreen.storyboard;
			sourceTree = "<group>";
		};
/* End PBXVariantGroup section */

/* Begin XCBuildConfiguration section */
		7BE2E7A121C0B013004A76EE /* Debug */ = {
			isa = XCBuildConfiguration;
			buildSettings = {
				ALWAYS_SEARCH_USER_PATHS = NO;
				CLANG_ANALYZER_NONNULL = YES;
				CLANG_ANALYZER_NUMBER_OBJECT_CONVERSION = YES_AGGRESSIVE;
				CLANG_CXX_LANGUAGE_STANDARD = "gnu++14";
				CLANG_CXX_LIBRARY = "libc++";
				CLANG_ENABLE_MODULES = YES;
				CLANG_ENABLE_OBJC_ARC = YES;
				CLANG_ENABLE_OBJC_WEAK = YES;
				CLANG_WARN_BLOCK_CAPTURE_AUTORELEASING = YES;
				CLANG_WARN_BOOL_CONVERSION = YES;
				CLANG_WARN_COMMA = YES;
				CLANG_WARN_CONSTANT_CONVERSION = YES;
				CLANG_WARN_DEPRECATED_OBJC_IMPLEMENTATIONS = YES;
				CLANG_WARN_DIRECT_OBJC_ISA_USAGE = YES_ERROR;
				CLANG_WARN_DOCUMENTATION_COMMENTS = YES;
				CLANG_WARN_EMPTY_BODY = YES;
				CLANG_WARN_ENUM_CONVERSION = YES;
				CLANG_WARN_INFINITE_RECURSION = YES;
				CLANG_WARN_INT_CONVERSION = YES;
				CLANG_WARN_NON_LITERAL_NULL_CONVERSION = YES;
				CLANG_WARN_OBJC_IMPLICIT_RETAIN_SELF = YES;
				CLANG_WARN_OBJC_LITERAL_CONVERSION = YES;
				CLANG_WARN_OBJC_ROOT_CLASS = YES_ERROR;
				CLANG_WARN_RANGE_LOOP_ANALYSIS = YES;
				CLANG_WARN_STRICT_PROTOTYPES = YES;
				CLANG_WARN_SUSPICIOUS_MOVE = YES;
				CLANG_WARN_UNGUARDED_AVAILABILITY = YES_AGGRESSIVE;
				CLANG_WARN_UNREACHABLE_CODE = YES;
				CLANG_WARN__DUPLICATE_METHOD_MATCH = YES;
				CODE_SIGN_IDENTITY = "iPhone Developer";
				COPY_PHASE_STRIP = NO;
				DEBUG_INFORMATION_FORMAT = dwarf;
				ENABLE_STRICT_OBJC_MSGSEND = YES;
				ENABLE_TESTABILITY = YES;
				GCC_C_LANGUAGE_STANDARD = gnu11;
				GCC_DYNAMIC_NO_PIC = NO;
				GCC_NO_COMMON_BLOCKS = YES;
				GCC_OPTIMIZATION_LEVEL = 0;
				GCC_PREPROCESSOR_DEFINITIONS = (
					"DEBUG=1",
					"$(inherited)",
				);
				GCC_WARN_64_TO_32_BIT_CONVERSION = YES;
				GCC_WARN_ABOUT_RETURN_TYPE = YES_ERROR;
				GCC_WARN_UNDECLARED_SELECTOR = YES;
				GCC_WARN_UNINITIALIZED_AUTOS = YES_AGGRESSIVE;
				GCC_WARN_UNUSED_FUNCTION = YES;
				GCC_WARN_UNUSED_VARIABLE = YES;
				IPHONEOS_DEPLOYMENT_TARGET = 12.0;
				MTL_ENABLE_DEBUG_INFO = INCLUDE_SOURCE;
				MTL_FAST_MATH = YES;
				ONLY_ACTIVE_ARCH = YES;
				SDKROOT = iphoneos;
				SWIFT_ACTIVE_COMPILATION_CONDITIONS = DEBUG;
				SWIFT_OPTIMIZATION_LEVEL = "-Onone";
			};
			name = Debug;
		};
		7BE2E7A221C0B013004A76EE /* Release */ = {
			isa = XCBuildConfiguration;
			buildSettings = {
				ALWAYS_SEARCH_USER_PATHS = NO;
				CLANG_ANALYZER_NONNULL = YES;
				CLANG_ANALYZER_NUMBER_OBJECT_CONVERSION = YES_AGGRESSIVE;
				CLANG_CXX_LANGUAGE_STANDARD = "gnu++14";
				CLANG_CXX_LIBRARY = "libc++";
				CLANG_ENABLE_MODULES = YES;
				CLANG_ENABLE_OBJC_ARC = YES;
				CLANG_ENABLE_OBJC_WEAK = YES;
				CLANG_WARN_BLOCK_CAPTURE_AUTORELEASING = YES;
				CLANG_WARN_BOOL_CONVERSION = YES;
				CLANG_WARN_COMMA = YES;
				CLANG_WARN_CONSTANT_CONVERSION = YES;
				CLANG_WARN_DEPRECATED_OBJC_IMPLEMENTATIONS = YES;
				CLANG_WARN_DIRECT_OBJC_ISA_USAGE = YES_ERROR;
				CLANG_WARN_DOCUMENTATION_COMMENTS = YES;
				CLANG_WARN_EMPTY_BODY = YES;
				CLANG_WARN_ENUM_CONVERSION = YES;
				CLANG_WARN_INFINITE_RECURSION = YES;
				CLANG_WARN_INT_CONVERSION = YES;
				CLANG_WARN_NON_LITERAL_NULL_CONVERSION = YES;
				CLANG_WARN_OBJC_IMPLICIT_RETAIN_SELF = YES;
				CLANG_WARN_OBJC_LITERAL_CONVERSION = YES;
				CLANG_WARN_OBJC_ROOT_CLASS = YES_ERROR;
				CLANG_WARN_RANGE_LOOP_ANALYSIS = YES;
				CLANG_WARN_STRICT_PROTOTYPES = YES;
				CLANG_WARN_SUSPICIOUS_MOVE = YES;
				CLANG_WARN_UNGUARDED_AVAILABILITY = YES_AGGRESSIVE;
				CLANG_WARN_UNREACHABLE_CODE = YES;
				CLANG_WARN__DUPLICATE_METHOD_MATCH = YES;
				CODE_SIGN_IDENTITY = "iPhone Developer";
				COPY_PHASE_STRIP = NO;
				DEBUG_INFORMATION_FORMAT = "dwarf-with-dsym";
				ENABLE_NS_ASSERTIONS = NO;
				ENABLE_STRICT_OBJC_MSGSEND = YES;
				GCC_C_LANGUAGE_STANDARD = gnu11;
				GCC_NO_COMMON_BLOCKS = YES;
				GCC_WARN_64_TO_32_BIT_CONVERSION = YES;
				GCC_WARN_ABOUT_RETURN_TYPE = YES_ERROR;
				GCC_WARN_UNDECLARED_SELECTOR = YES;
				GCC_WARN_UNINITIALIZED_AUTOS = YES_AGGRESSIVE;
				GCC_WARN_UNUSED_FUNCTION = YES;
				GCC_WARN_UNUSED_VARIABLE = YES;
				IPHONEOS_DEPLOYMENT_TARGET = 12.0;
				MTL_ENABLE_DEBUG_INFO = NO;
				MTL_FAST_MATH = YES;
				SDKROOT = iphoneos;
				SWIFT_COMPILATION_MODE = wholemodule;
				SWIFT_OPTIMIZATION_LEVEL = "-O";
				VALIDATE_PRODUCT = YES;
			};
			name = Release;
		};
		7BE2E7A421C0B013004A76EE /* Debug */ = {
			isa = XCBuildConfiguration;
			baseConfigurationReference = 263900791B59CA26982A3DEC /* Pods-FlipTest.debug.xcconfig */;
			buildSettings = {
				ASSETCATALOG_COMPILER_APPICON_NAME = AppIcon;
				CODE_SIGN_STYLE = Automatic;
				DEVELOPMENT_TEAM = A546FVTZLL;
				INFOPLIST_FILE = FlipTest/Info.plist;
				IPHONEOS_DEPLOYMENT_TARGET = 11.0;
				LD_RUNPATH_SEARCH_PATHS = (
					"$(inherited)",
					"@executable_path/Frameworks",
				);
				PRODUCT_BUNDLE_IDENTIFIER = asd.FlipTest;
				PRODUCT_NAME = "$(TARGET_NAME)";
				SWIFT_VERSION = 4.2;
				TARGETED_DEVICE_FAMILY = "1,2";
			};
			name = Debug;
		};
		7BE2E7A521C0B013004A76EE /* Release */ = {
			isa = XCBuildConfiguration;
			baseConfigurationReference = 4EA41B6E7CDE7355EBB5FCA2 /* Pods-FlipTest.release.xcconfig */;
			buildSettings = {
				ASSETCATALOG_COMPILER_APPICON_NAME = AppIcon;
				CODE_SIGN_STYLE = Automatic;
				DEVELOPMENT_TEAM = A546FVTZLL;
				INFOPLIST_FILE = FlipTest/Info.plist;
				IPHONEOS_DEPLOYMENT_TARGET = 11.0;
				LD_RUNPATH_SEARCH_PATHS = (
					"$(inherited)",
					"@executable_path/Frameworks",
				);
				PRODUCT_BUNDLE_IDENTIFIER = asd.FlipTest;
				PRODUCT_NAME = "$(TARGET_NAME)";
				SWIFT_VERSION = 4.2;
				TARGETED_DEVICE_FAMILY = "1,2";
			};
			name = Release;
		};
/* End XCBuildConfiguration section */

/* Begin XCConfigurationList section */
		7BE2E78C21C0B011004A76EE /* Build configuration list for PBXProject "FlipTest" */ = {
			isa = XCConfigurationList;
			buildConfigurations = (
				7BE2E7A121C0B013004A76EE /* Debug */,
				7BE2E7A221C0B013004A76EE /* Release */,
			);
			defaultConfigurationIsVisible = 0;
			defaultConfigurationName = Release;
		};
		7BE2E7A321C0B013004A76EE /* Build configuration list for PBXNativeTarget "FlipTest" */ = {
			isa = XCConfigurationList;
			buildConfigurations = (
				7BE2E7A421C0B013004A76EE /* Debug */,
				7BE2E7A521C0B013004A76EE /* Release */,
			);
			defaultConfigurationIsVisible = 0;
			defaultConfigurationName = Release;
		};
/* End XCConfigurationList section */
	};
	rootObject = 7BE2E78921C0B011004A76EE /* Project object */;
}
